{
    "_readme": [
        "This file locks the dependencies of your project to a known state",
        "Read more about it at http://getcomposer.org/doc/01-basic-usage.md#composer-lock-the-lock-file",
        "This file is @generated automatically"
    ],
    "hash": "f027f029b84bbcb54b110b1bcd5670e9",
    "packages": [
        {
            "name": "ircmaxell/password-compat",
            "version": "1.0.3",
            "source": {
                "type": "git",
                "url": "https://github.com/ircmaxell/password_compat.git",
                "reference": "1fc1521b5e9794ea77e4eca30717be9635f1d4f4"
            },
            "dist": {
                "type": "zip",
                "url": "https://api.github.com/repos/ircmaxell/password_compat/zipball/1fc1521b5e9794ea77e4eca30717be9635f1d4f4",
                "reference": "1fc1521b5e9794ea77e4eca30717be9635f1d4f4",
                "shasum": ""
            },
            "type": "library",
            "autoload": {
                "files": [
                    "lib/password.php"
                ]
            },
            "notification-url": "https://packagist.org/downloads/",
            "license": [
                "MIT"
            ],
            "authors": [
                {
                    "name": "Anthony Ferrara",
                    "email": "ircmaxell@ircmaxell.com",
                    "homepage": "http://blog.ircmaxell.com"
                }
            ],
            "description": "A compatibility library for the proposed simplified password hashing algorithm: https://wiki.php.net/rfc/password_hash",
            "homepage": "https://github.com/ircmaxell/password_compat",
            "keywords": [
                "hashing",
                "password"
            ],
            "time": "2013-04-30 19:58:08"
        },
        {
            "name": "jeremykendall/password-validator",
            "version": "2.0.3",
            "source": {
                "type": "git",
                "url": "https://github.com/jeremykendall/password-validator.git",
                "reference": "88ca3e0530d7800b4376a70a487fa9696538cf72"
            },
            "dist": {
                "type": "zip",
                "url": "https://api.github.com/repos/jeremykendall/password-validator/zipball/88ca3e0530d7800b4376a70a487fa9696538cf72",
                "reference": "88ca3e0530d7800b4376a70a487fa9696538cf72",
                "shasum": ""
            },
            "require": {
                "ircmaxell/password-compat": "1.*",
                "php": ">=5.3.7",
                "wp-cli/php-cli-tools": "~0.9.4"
            },
            "require-dev": {
                "league/phpunit-coverage-listener": "~1.1",
                "phpunit/phpunit": "3.*"
            },
            "bin": [
                "bin/cost-check",
                "bin/version-check"
            ],
            "type": "library",
            "autoload": {
                "psr-0": {
                    "JeremyKendall\\Password\\": "src/"
                }
            },
            "notification-url": "https://packagist.org/downloads/",
            "license": [
                "MIT"
            ],
            "authors": [
                {
                    "name": "Jeremy Kendall",
                    "homepage": "http://about.me/jeremykendall",
                    "role": "Developer"
                }
            ],
            "description": "Password Validator validates password_hash generated passwords, rehashes passwords as necessary, and will upgrade legacy passwords.",
            "homepage": "https://github.com/jeremykendall/password-validator",
            "keywords": [
                "password",
                "password validation",
                "password validator",
                "password_hash",
                "passwords",
                "security"
            ],
            "time": "2014-02-15 15:49:57"
        },
        {
            "name": "jeremykendall/slim-auth",
            "version": "dev-master",
            "source": {
                "type": "git",
                "url": "https://github.com/jeremykendall/slim-auth.git",
                "reference": "69d610f0ec171cfe0da051b9f963f6f1eda48bce"
            },
            "dist": {
                "type": "zip",
                "url": "https://api.github.com/repos/jeremykendall/slim-auth/zipball/69d610f0ec171cfe0da051b9f963f6f1eda48bce",
                "reference": "69d610f0ec171cfe0da051b9f963f6f1eda48bce",
                "shasum": ""
            },
            "require": {
                "jeremykendall/password-validator": "2.*",
                "php": ">=5.3.7",
                "wp-cli/php-cli-tools": "~0.9.4",
                "zendframework/zend-authentication": "2.3.*",
                "zendframework/zend-permissions-acl": "2.3.*",
                "zendframework/zend-session": "2.3.*"
            },
            "require-dev": {
                "league/phpunit-coverage-listener": "~1.1",
                "phpunit/phpunit": "4.*",
                "slim/slim": "2.*"
            },
            "suggest": {
                "zendframework/zend-db": "For the Zend\\Authentication\\Adapter\\DbTable adapters."
            },
            "bin": [
                "bin/version-check"
            ],
            "type": "library",
            "autoload": {
                "psr-0": {
                    "JeremyKendall\\Slim\\Auth\\": "src/"
                }
            },
            "notification-url": "https://packagist.org/downloads/",
            "license": [
                "MIT"
            ],
            "authors": [
                {
                    "name": "Jeremy Kendall",
                    "homepage": "http://about.me/jeremykendall",
                    "role": "Developer"
                }
            ],
            "description": "Authorization and authentication for the Slim Framework using ZF2 Authentication and Acl components",
            "homepage": "https://github.com/jeremykendall/slim-auth",
            "keywords": [
                "Authentication",
                "Zend Framework",
                "auth",
                "authorization",
                "slim",
                "slim framework",
                "zend",
                "zf2"
            ],
            "time": "2014-03-14 15:58:07"
        },
        {
            "name": "ptachoire/cssembed",
            "version": "v1.0.2",
            "source": {
                "type": "git",
                "url": "https://github.com/krichprollsch/phpCssEmbed.git",
                "reference": "406c6d5b846cafa9186f9944a6210d0e6fed154b"
            },
            "dist": {
                "type": "zip",
                "url": "https://api.github.com/repos/krichprollsch/phpCssEmbed/zipball/406c6d5b846cafa9186f9944a6210d0e6fed154b",
                "reference": "406c6d5b846cafa9186f9944a6210d0e6fed154b",
                "shasum": ""
            },
            "require": {
                "php": ">=5.3.0"
            },
            "type": "library",
            "autoload": {
                "psr-0": {
                    "CssEmbed": "src/"
                }
            },
            "notification-url": "https://packagist.org/downloads/",
            "license": [
                "MIT"
            ],
            "authors": [
                {
                    "name": "Pierre Tachoire",
                    "email": "pierre.tachoire@gmail.com"
                }
            ],
            "description": "Css url embed library.",
            "homepage": "https://github.com/krichprollsch/phpCssEmbed",
            "keywords": [
                "css",
                "url"
            ],
            "time": "2013-07-22 20:01:48"
        },
        {
            "name": "raulfraile/ladybug",
            "version": "v1.0.11",
            "source": {
                "type": "git",
                "url": "https://github.com/raulfraile/ladybug.git",
                "reference": "1fb36821c3e91bd9a030335df452b264811449bf"
            },
            "dist": {
                "type": "zip",
                "url": "https://api.github.com/repos/raulfraile/ladybug/zipball/1fb36821c3e91bd9a030335df452b264811449bf",
                "reference": "1fb36821c3e91bd9a030335df452b264811449bf",
                "shasum": ""
            },
            "require": {
                "php": ">=5.3.9",
                "ptachoire/cssembed": "v1.0.2",
                "raulfraile/ladybug-plugin-extra": "~1.0.0",
                "raulfraile/ladybug-theme-modern": ">=1.0.7,<2.0",
                "symfony/config": ">=2.0",
                "symfony/console": ">=2.0",
                "symfony/dependency-injection": ">=2.0",
                "symfony/finder": ">=2.0",
                "twig/twig": ">=1.7.0"
            },
            "require-dev": {
                "jms/serializer": ">=0.11.0",
                "mockery/mockery": "0.9.1",
                "phpdocumentor/reflection-docblock": "2.0.0",
                "phpunit/phpunit": "~4.0",
                "symfony/dom-crawler": ">=2.0.4"
            },
            "suggest": {
                "jms/serializer": "Required to serialize data to XML and JSON",
                "phpdocumentor/reflection-docblock": "Required to display object methods description",
                "symfony/yaml": "Required to serialize data to YAML format"
            },
            "type": "library",
            "autoload": {
                "psr-0": {
                    "Ladybug\\Theme": [
                        "../ladybug-themes",
                        "data/themes"
                    ],
                    "Ladybug\\Plugin": [
                        "../ladybug-plugins",
                        "data/plugins"
                    ],
                    "Ladybug": "src/"
                }
            },
            "notification-url": "https://packagist.org/downloads/",
            "license": [
                "MIT"
            ],
            "authors": [
                {
                    "name": "Raul Fraile",
                    "email": "raulfraile@gmail.com",
                    "homepage": "http://www.raulfb.com/",
                    "role": "Developer"
                }
            ],
            "description": "Simple and Extensible PHP Dumper",
            "homepage": "https://github.com/raulfraile/ladybug",
            "keywords": [
                "dump",
                "dumper",
                "ladybug",
                "print_r",
                "var_dump"
            ],
            "time": "2014-08-23 19:43:25"
        },
        {
            "name": "raulfraile/ladybug-installer",
            "version": "v1.0.1",
            "source": {
                "type": "git",
                "url": "https://github.com/raulfraile/ladybug-installer.git",
                "reference": "04f38f50cac673d3ca93de9c0805889e37804b33"
            },
            "dist": {
                "type": "zip",
                "url": "https://api.github.com/repos/raulfraile/ladybug-installer/zipball/04f38f50cac673d3ca93de9c0805889e37804b33",
                "reference": "04f38f50cac673d3ca93de9c0805889e37804b33",
                "shasum": ""
            },
            "require": {
                "composer-plugin-api": "*"
            },
            "require-dev": {
                "composer/composer": "1.*",
                "mockery/mockery": "0.8.0"
            },
            "type": "composer-plugin",
            "extra": {
                "class": "\\Ladybug\\LadybugPlugin"
            },
            "autoload": {
                "psr-0": {
                    "Ladybug": [
                        "src/"
                    ]
                }
            },
            "notification-url": "https://packagist.org/downloads/",
            "license": [
                "MIT"
            ],
            "description": "Unified installer for ladybug addons",
            "keywords": [
                "installer",
                "ladybug",
                "plugins",
                "themes"
            ],
            "time": "2013-09-21 23:28:23"
        },
        {
            "name": "raulfraile/ladybug-plugin-extra",
            "version": "v1.0.1",
            "target-dir": "Ladybug/Plugin/Extra",
            "source": {
                "type": "git",
                "url": "https://github.com/raulfraile/ladybug-plugin-extra.git",
                "reference": "d240770a4c610e26657e5edc0edaace6d07187b2"
            },
            "dist": {
                "type": "zip",
                "url": "https://api.github.com/repos/raulfraile/ladybug-plugin-extra/zipball/d240770a4c610e26657e5edc0edaace6d07187b2",
                "reference": "d240770a4c610e26657e5edc0edaace6d07187b2",
                "shasum": ""
            },
            "require": {
                "raulfraile/ladybug-installer": "~1.0"
            },
            "require-dev": {
                "mockery/mockery": "0.8.0",
                "raulfraile/ladybug": "~1.0.0"
            },
            "type": "ladybug-plugin",
            "extra": {
                "ladybug_name": "Extra"
            },
            "autoload": {
                "psr-0": {
                    "Ladybug\\Plugin\\Extra\\": ""
                },
                "files": [
                    "Resources/php/helpers.php"
                ]
            },
            "notification-url": "https://packagist.org/downloads/",
            "license": [
                "MIT"
            ],
            "description": "Extra plugin for ladybug",
            "keywords": [
                "ladybug",
                "plugin"
            ],
            "time": "2013-09-29 10:19:08"
        },
        {
            "name": "raulfraile/ladybug-theme-modern",
            "version": "v1.0.7",
            "source": {
                "type": "git",
                "url": "https://github.com/raulfraile/ladybug-theme-modern.git",
                "reference": "0271ed62bc45397be9e346c9c19a0ae0d811ef8e"
            },
            "dist": {
                "type": "zip",
                "url": "https://api.github.com/repos/raulfraile/ladybug-theme-modern/zipball/0271ed62bc45397be9e346c9c19a0ae0d811ef8e",
                "reference": "0271ed62bc45397be9e346c9c19a0ae0d811ef8e",
                "shasum": ""
            },
            "require": {
                "raulfraile/ladybug-installer": "~1.0.0"
            },
            "type": "ladybug-theme",
            "extra": {
                "ladybug_name": "Modern"
            },
            "notification-url": "https://packagist.org/downloads/",
            "license": [
                "MIT"
            ],
            "description": "Theme 'modern' for ladybug",
            "keywords": [
                "dump",
                "ladybug",
                "print_r",
                "theme",
                "var_dump"
            ],
            "time": "2014-08-21 08:27:46"
        },
        {
            "name": "slim/extras",
            "version": "dev-master",
            "target-dir": "Slim/Extras",
            "source": {
                "type": "git",
                "url": "https://github.com/codeguy/Slim-Extras.git",
                "reference": "a35bc4d15a7efc5e938d8f5fea6b8382912892d5"
            },
            "dist": {
                "type": "zip",
                "url": "https://api.github.com/repos/codeguy/Slim-Extras/zipball/a35bc4d15a7efc5e938d8f5fea6b8382912892d5",
                "reference": "a35bc4d15a7efc5e938d8f5fea6b8382912892d5",
                "shasum": ""
            },
            "require": {
                "php": ">=5.3.0",
                "slim/slim": ">=2.0.0"
            },
            "type": "library",
            "autoload": {
                "psr-0": {
                    "Twig_Extensions_": "Views/Extension/",
                    "Slim\\Extras": "."
                }
            },
            "notification-url": "https://packagist.org/downloads/",
            "license": [
                "MIT"
            ],
            "authors": [
                {
                    "name": "Josh Lockhart",
                    "email": "info@joshlockhart.com",
                    "homepage": "http://www.joshlockhart.com/"
                },
                {
                    "name": "Andrew Smith",
                    "email": "a.smith@silentworks.co.uk"
                }
            ],
            "description": "Extras package for the Slim Framework",
            "homepage": "http://github.com/codeguy/Slim-Extras",
            "keywords": [
                "extensions",
                "middleware",
                "templating"
            ],
            "time": "2014-07-17 08:27:10"
        },
        {
            "name": "slim/slim",
            "version": "2.4.3",
            "source": {
                "type": "git",
                "url": "https://github.com/codeguy/Slim.git",
                "reference": "4906b77a07c7bd6ff1a99aea903e940a2d4fa106"
            },
            "dist": {
                "type": "zip",
                "url": "https://api.github.com/repos/codeguy/Slim/zipball/4906b77a07c7bd6ff1a99aea903e940a2d4fa106",
                "reference": "4906b77a07c7bd6ff1a99aea903e940a2d4fa106",
                "shasum": ""
            },
            "require": {
                "php": ">=5.3.0"
            },
            "suggest": {
                "ext-mcrypt": "Required for HTTP cookie encryption"
            },
            "type": "library",
            "autoload": {
                "psr-0": {
                    "Slim": "."
                }
            },
            "notification-url": "https://packagist.org/downloads/",
            "license": [
                "MIT"
            ],
            "authors": [
                {
                    "name": "Josh Lockhart",
                    "email": "info@joshlockhart.com",
                    "homepage": "http://www.joshlockhart.com/"
                }
            ],
            "description": "Slim Framework, a PHP micro framework",
            "homepage": "http://github.com/codeguy/Slim",
            "keywords": [
                "microframework",
                "rest",
                "router"
            ],
            "time": "2014-04-05 18:33:59"
        },
        {
            "name": "symfony/config",
            "version": "v2.5.5",
            "target-dir": "Symfony/Component/Config",
            "source": {
                "type": "git",
                "url": "https://github.com/symfony/Config.git",
                "reference": "0316364bfebc8b080077c731a99f189341476bd7"
            },
            "dist": {
                "type": "zip",
                "url": "https://api.github.com/repos/symfony/Config/zipball/0316364bfebc8b080077c731a99f189341476bd7",
                "reference": "0316364bfebc8b080077c731a99f189341476bd7",
                "shasum": ""
            },
            "require": {
                "php": ">=5.3.3",
                "symfony/filesystem": "~2.3"
            },
            "type": "library",
            "extra": {
                "branch-alias": {
                    "dev-master": "2.5-dev"
                }
            },
            "autoload": {
                "psr-0": {
                    "Symfony\\Component\\Config\\": ""
                }
            },
            "notification-url": "https://packagist.org/downloads/",
            "license": [
                "MIT"
            ],
            "authors": [
                {
                    "name": "Symfony Community",
                    "homepage": "http://symfony.com/contributors"
                },
                {
                    "name": "Fabien Potencier",
                    "email": "fabien@symfony.com"
                }
            ],
            "description": "Symfony Config Component",
            "homepage": "http://symfony.com",
            "time": "2014-09-23 05:25:11"
        },
        {
            "name": "symfony/console",
            "version": "v2.5.5",
            "target-dir": "Symfony/Component/Console",
            "source": {
                "type": "git",
                "url": "https://github.com/symfony/Console.git",
                "reference": "ca053eaa031c93afb68a71e4eb1f4168dfd4a661"
            },
            "dist": {
                "type": "zip",
                "url": "https://api.github.com/repos/symfony/Console/zipball/ca053eaa031c93afb68a71e4eb1f4168dfd4a661",
                "reference": "ca053eaa031c93afb68a71e4eb1f4168dfd4a661",
                "shasum": ""
            },
            "require": {
                "php": ">=5.3.3"
            },
            "require-dev": {
                "psr/log": "~1.0",
                "symfony/event-dispatcher": "~2.1"
            },
            "suggest": {
                "psr/log": "For using the console logger",
                "symfony/event-dispatcher": ""
            },
            "type": "library",
            "extra": {
                "branch-alias": {
                    "dev-master": "2.5-dev"
                }
            },
            "autoload": {
                "psr-0": {
                    "Symfony\\Component\\Console\\": ""
                }
            },
            "notification-url": "https://packagist.org/downloads/",
            "license": [
                "MIT"
            ],
            "authors": [
                {
                    "name": "Symfony Community",
                    "homepage": "http://symfony.com/contributors"
                },
                {
                    "name": "Fabien Potencier",
                    "email": "fabien@symfony.com"
                }
            ],
            "description": "Symfony Console Component",
            "homepage": "http://symfony.com",
            "time": "2014-09-25 09:53:56"
        },
        {
            "name": "symfony/dependency-injection",
            "version": "v2.5.5",
            "target-dir": "Symfony/Component/DependencyInjection",
            "source": {
                "type": "git",
                "url": "https://github.com/symfony/DependencyInjection.git",
                "reference": "1f01a64c9047909e40700a14ee34e8c446300618"
            },
            "dist": {
                "type": "zip",
                "url": "https://api.github.com/repos/symfony/DependencyInjection/zipball/1f01a64c9047909e40700a14ee34e8c446300618",
                "reference": "1f01a64c9047909e40700a14ee34e8c446300618",
                "shasum": ""
            },
            "require": {
                "php": ">=5.3.3"
            },
            "require-dev": {
                "symfony/config": "~2.2",
                "symfony/expression-language": "~2.4",
                "symfony/yaml": "~2.0"
            },
            "suggest": {
                "symfony/config": "",
                "symfony/proxy-manager-bridge": "Generate service proxies to lazy load them",
                "symfony/yaml": ""
            },
            "type": "library",
            "extra": {
                "branch-alias": {
                    "dev-master": "2.5-dev"
                }
            },
            "autoload": {
                "psr-0": {
                    "Symfony\\Component\\DependencyInjection\\": ""
                }
            },
            "notification-url": "https://packagist.org/downloads/",
            "license": [
                "MIT"
            ],
            "authors": [
                {
                    "name": "Symfony Community",
                    "homepage": "http://symfony.com/contributors"
                },
                {
                    "name": "Fabien Potencier",
                    "email": "fabien@symfony.com"
                }
            ],
            "description": "Symfony DependencyInjection Component",
            "homepage": "http://symfony.com",
            "time": "2014-09-27 08:35:39"
        },
        {
            "name": "symfony/filesystem",
            "version": "v2.5.5",
            "target-dir": "Symfony/Component/Filesystem",
            "source": {
                "type": "git",
                "url": "https://github.com/symfony/Filesystem.git",
                "reference": "4e62fab0060a826561c78b665925b37c870c45f5"
            },
            "dist": {
                "type": "zip",
                "url": "https://api.github.com/repos/symfony/Filesystem/zipball/4e62fab0060a826561c78b665925b37c870c45f5",
                "reference": "4e62fab0060a826561c78b665925b37c870c45f5",
                "shasum": ""
            },
            "require": {
                "php": ">=5.3.3"
            },
            "type": "library",
            "extra": {
                "branch-alias": {
                    "dev-master": "2.5-dev"
                }
            },
            "autoload": {
                "psr-0": {
                    "Symfony\\Component\\Filesystem\\": ""
                }
            },
            "notification-url": "https://packagist.org/downloads/",
            "license": [
                "MIT"
            ],
            "authors": [
                {
                    "name": "Symfony Community",
                    "homepage": "http://symfony.com/contributors"
                },
                {
                    "name": "Fabien Potencier",
                    "email": "fabien@symfony.com"
                }
            ],
            "description": "Symfony Filesystem Component",
            "homepage": "http://symfony.com",
            "time": "2014-09-22 09:14:18"
        },
        {
            "name": "symfony/finder",
            "version": "v2.5.5",
            "target-dir": "Symfony/Component/Finder",
            "source": {
                "type": "git",
                "url": "https://github.com/symfony/Finder.git",
                "reference": "d5033742b9a6206ef6d06e813870bca18e9205df"
            },
            "dist": {
                "type": "zip",
                "url": "https://api.github.com/repos/symfony/Finder/zipball/d5033742b9a6206ef6d06e813870bca18e9205df",
                "reference": "d5033742b9a6206ef6d06e813870bca18e9205df",
                "shasum": ""
            },
            "require": {
                "php": ">=5.3.3"
            },
            "type": "library",
            "extra": {
                "branch-alias": {
                    "dev-master": "2.5-dev"
                }
            },
            "autoload": {
                "psr-0": {
                    "Symfony\\Component\\Finder\\": ""
                }
            },
            "notification-url": "https://packagist.org/downloads/",
            "license": [
                "MIT"
            ],
            "authors": [
                {
                    "name": "Symfony Community",
                    "homepage": "http://symfony.com/contributors"
                },
                {
                    "name": "Fabien Potencier",
                    "email": "fabien@symfony.com"
                }
            ],
            "description": "Symfony Finder Component",
            "homepage": "http://symfony.com",
            "time": "2014-09-27 08:35:39"
        },
        {
            "name": "twig/twig",
            "version": "v1.16.1",
            "source": {
                "type": "git",
                "url": "https://github.com/fabpot/Twig.git",
                "reference": "7c4c01dcf578523cfcddf383641a4f12790270ec"
            },
            "dist": {
                "type": "zip",
                "url": "https://api.github.com/repos/fabpot/Twig/zipball/7c4c01dcf578523cfcddf383641a4f12790270ec",
                "reference": "7c4c01dcf578523cfcddf383641a4f12790270ec",
                "shasum": ""
            },
            "require": {
                "php": ">=5.2.4"
            },
            "type": "library",
            "extra": {
                "branch-alias": {
                    "dev-master": "1.16-dev"
                }
            },
            "autoload": {
                "psr-0": {
                    "Twig_": "lib/"
                }
            },
            "notification-url": "https://packagist.org/downloads/",
            "license": [
                "BSD-3-Clause"
            ],
            "authors": [
                {
                    "name": "Fabien Potencier",
                    "email": "fabien@symfony.com",
                    "homepage": "http://fabien.potencier.org",
                    "role": "Lead Developer"
                },
                {
                    "name": "Armin Ronacher",
                    "email": "armin.ronacher@active-4.com",
                    "role": "Project Founder"
                },
                {
                    "name": "Twig Team",
                    "homepage": "https://github.com/fabpot/Twig/graphs/contributors",
                    "role": "Contributors"
                }
            ],
            "description": "Twig, the flexible, fast, and secure template language for PHP",
            "homepage": "http://twig.sensiolabs.org",
            "keywords": [
                "templating"
            ],
            "time": "2014-10-10 14:09:53"
        },
        {
            "name": "wp-cli/php-cli-tools",
            "version": "v0.9.5",
            "source": {
                "type": "git",
                "url": "https://github.com/wp-cli/php-cli-tools.git",
                "reference": "89461455b360693da07355460a2597baa0108c1d"
            },
            "dist": {
                "type": "zip",
                "url": "https://api.github.com/repos/wp-cli/php-cli-tools/zipball/89461455b360693da07355460a2597baa0108c1d",
                "reference": "89461455b360693da07355460a2597baa0108c1d",
                "shasum": ""
            },
            "require": {
                "php": ">= 5.3.0"
            },
            "type": "library",
            "autoload": {
                "psr-0": {
                    "cli": "lib/"
                },
                "files": [
                    "lib/cli/cli.php"
                ]
            },
            "notification-url": "https://packagist.org/downloads/",
            "license": [
                "MIT"
            ],
            "authors": [
                {
                    "name": "James Logsdon",
                    "email": "jlogsdon@php.net",
                    "role": "Developer"
                },
                {
                    "name": "Daniel Bachhuber",
                    "email": "daniel@handbuilt.co",
                    "role": "Maintainer"
                }
            ],
            "description": "Console utilities for PHP",
            "homepage": "http://github.com/wp-cli/php-cli-tools",
            "keywords": [
                "cli",
                "console"
            ],
            "time": "2014-06-29 20:40:27"
        },
        {
            "name": "zendframework/zend-authentication",
            "version": "2.3.3",
            "target-dir": "Zend/Authentication",
            "source": {
                "type": "git",
                "url": "https://github.com/zendframework/Component_ZendAuthentication.git",
                "reference": "eb0a54dd6dc32f65daa85dc57650107b695ef15d"
            },
            "dist": {
                "type": "zip",
                "url": "https://api.github.com/repos/zendframework/Component_ZendAuthentication/zipball/eb0a54dd6dc32f65daa85dc57650107b695ef15d",
                "reference": "eb0a54dd6dc32f65daa85dc57650107b695ef15d",
                "shasum": ""
            },
            "require": {
                "php": ">=5.3.23",
                "zendframework/zend-stdlib": "self.version"
            },
            "require-dev": {
                "zendframework/zend-crypt": "self.version",
                "zendframework/zend-db": "self.version",
                "zendframework/zend-http": "self.version",
                "zendframework/zend-ldap": "self.version",
                "zendframework/zend-session": "self.version",
                "zendframework/zend-uri": "self.version",
                "zendframework/zend-validator": "self.version"
            },
            "suggest": {
                "zendframework/zend-crypt": "Zend\\Crypt component",
                "zendframework/zend-db": "Zend\\Db component",
                "zendframework/zend-http": "Zend\\Http component",
                "zendframework/zend-ldap": "Zend\\Ldap component",
                "zendframework/zend-session": "Zend\\Session component",
                "zendframework/zend-uri": "Zend\\Uri component",
                "zendframework/zend-validator": "Zend\\Validator component"
            },
            "type": "library",
            "extra": {
                "branch-alias": {
                    "dev-master": "2.3-dev",
                    "dev-develop": "2.4-dev"
                }
            },
            "autoload": {
                "psr-0": {
                    "Zend\\Authentication\\": ""
                }
            },
            "notification-url": "https://packagist.org/downloads/",
            "license": [
                "BSD-3-Clause"
            ],
            "description": "provides an API for authentication and includes concrete authentication adapters for common use case scenarios",
            "homepage": "https://github.com/zendframework/zf2",
            "keywords": [
                "Authentication",
                "zf2"
            ],
            "time": "2014-09-16 22:58:11"
        },
        {
            "name": "zendframework/zend-permissions-acl",
            "version": "2.3.3",
            "target-dir": "Zend/Permissions/Acl",
            "source": {
                "type": "git",
                "url": "https://github.com/zendframework/Component_ZendPermissionsAcl.git",
                "reference": "818b423b6160a8ef253a4ebeea157f63ada819e6"
            },
            "dist": {
                "type": "zip",
                "url": "https://api.github.com/repos/zendframework/Component_ZendPermissionsAcl/zipball/818b423b6160a8ef253a4ebeea157f63ada819e6",
                "reference": "818b423b6160a8ef253a4ebeea157f63ada819e6",
                "shasum": ""
            },
            "require": {
                "php": ">=5.3.23"
            },
            "type": "library",
            "extra": {
                "branch-alias": {
                    "dev-master": "2.3-dev",
                    "dev-develop": "2.4-dev"
                }
            },
            "autoload": {
                "psr-0": {
                    "Zend\\Permissions\\Acl\\": ""
                }
            },
            "notification-url": "https://packagist.org/downloads/",
            "license": [
                "BSD-3-Clause"
            ],
            "description": "provides a lightweight and flexible access control list (ACL) implementation for privileges management",
            "homepage": "https://github.com/zendframework/zf2",
            "keywords": [
                "acl",
                "zf2"
            ],
            "time": "2014-09-16 22:58:11"
        },
        {
            "name": "zendframework/zend-session",
            "version": "2.3.3",
            "target-dir": "Zend/Session",
            "source": {
                "type": "git",
                "url": "https://github.com/zendframework/Component_ZendSession.git",
                "reference": "f31651d1ecf8c7beee47eed4b392f0ca26bc44d2"
            },
            "dist": {
                "type": "zip",
                "url": "https://api.github.com/repos/zendframework/Component_ZendSession/zipball/f31651d1ecf8c7beee47eed4b392f0ca26bc44d2",
                "reference": "f31651d1ecf8c7beee47eed4b392f0ca26bc44d2",
                "shasum": ""
            },
            "require": {
                "php": ">=5.3.23",
                "zendframework/zend-stdlib": "self.version"
            },
            "require-dev": {
                "zendframework/zend-cache": "self.version",
                "zendframework/zend-db": "self.version",
                "zendframework/zend-eventmanager": "self.version",
                "zendframework/zend-http": "self.version",
                "zendframework/zend-servicemanager": "self.version",
                "zendframework/zend-validator": "self.version"
            },
            "suggest": {
                "zendframework/zend-cache": "Zend\\Cache component",
                "zendframework/zend-db": "Zend\\Db component",
                "zendframework/zend-eventmanager": "Zend\\EventManager component",
                "zendframework/zend-http": "Zend\\Http component",
                "zendframework/zend-servicemanager": "Zend\\ServiceManager component",
                "zendframework/zend-validator": "Zend\\Validator component"
            },
            "type": "library",
            "extra": {
                "branch-alias": {
                    "dev-master": "2.3-dev",
                    "dev-develop": "2.4-dev"
                }
            },
            "autoload": {
                "psr-0": {
                    "Zend\\Session\\": ""
                }
            },
            "notification-url": "https://packagist.org/downloads/",
            "license": [
                "BSD-3-Clause"
            ],
            "description": "manage and preserve session data, a logical complement of cookie data, across multiple page requests by the same client",
            "homepage": "https://github.com/zendframework/zf2",
            "keywords": [
                "session",
                "zf2"
            ],
            "time": "2014-09-16 22:58:11"
        },
        {
            "name": "zendframework/zend-stdlib",
            "version": "2.3.3",
            "target-dir": "Zend/Stdlib",
            "source": {
                "type": "git",
                "url": "https://github.com/zendframework/Component_ZendStdlib.git",
                "reference": "fa33e6647f830d0d2a1cb451efcdfe1bb9a66c33"
            },
            "dist": {
                "type": "zip",
                "url": "https://api.github.com/repos/zendframework/Component_ZendStdlib/zipball/fa33e6647f830d0d2a1cb451efcdfe1bb9a66c33",
                "reference": "fa33e6647f830d0d2a1cb451efcdfe1bb9a66c33",
                "shasum": ""
            },
            "require": {
                "php": ">=5.3.23"
            },
            "require-dev": {
                "zendframework/zend-eventmanager": "self.version",
                "zendframework/zend-serializer": "self.version",
                "zendframework/zend-servicemanager": "self.version"
            },
            "suggest": {
                "zendframework/zend-eventmanager": "To support aggregate hydrator usage",
                "zendframework/zend-serializer": "Zend\\Serializer component",
                "zendframework/zend-servicemanager": "To support hydrator plugin manager usage"
            },
            "type": "library",
            "extra": {
                "branch-alias": {
                    "dev-master": "2.3-dev",
                    "dev-develop": "2.4-dev"
                }
            },
            "autoload": {
                "psr-0": {
                    "Zend\\Stdlib\\": ""
                }
            },
            "notification-url": "https://packagist.org/downloads/",
            "license": [
                "BSD-3-Clause"
            ],
            "homepage": "https://github.com/zendframework/zf2",
            "keywords": [
                "stdlib",
                "zf2"
            ],
            "time": "2014-09-16 22:58:11"
        }
    ],
    "packages-dev": [

    ],
    "aliases": [

    ],
    "minimum-stability": "stable",
    "stability-flags": {
        "slim/extras": 20,
        "jeremykendall/slim-auth": 20
    },
    "prefer-stable": false,
    "platform": [

    ],
    "platform-dev": [

    ]
}
